
Microsoft Visual Studio Solution File, Format Version 12.00
# Visual Studio Version 17
VisualStudioVersion = 17.11.35327.3
MinimumVisualStudioVersion = 10.0.40219.1
Project("{FAE04EC0-301F-11D3-BF4B-00C04F79EFBC}") = "FirstConsoleAppProject", "FirstConsoleAppProject\FirstConsoleAppProject.csproj", "{A13E555E-685F-4A7A-9FE5-DE7C536D222B}"
EndProject
Global
	GlobalSection(SolutionConfigurationPlatforms) = preSolution
		Debug|Any CPU = Debug|Any CPU
		Release|Any CPU = Release|Any CPU
	EndGlobalSection
	GlobalSection(ProjectConfigurationPlatforms) = postSolution
		{A13E555E-685F-4A7A-9FE5-DE7C536D222B}.Debug|Any CPU.ActiveCfg = Debug|Any CPU
		{A13E555E-685F-4A7A-9FE5-DE7C536D222B}.Debug|Any CPU.Build.0 = Debug|Any CPU
		{A13E555E-685F-4A7A-9FE5-DE7C536D222B}.Release|Any CPU.ActiveCfg = Release|Any CPU
		{A13E555E-685F-4A7A-9FE5-DE7C536D222B}.Release|Any CPU.Build.0 = Release|Any CPU
	EndGlobalSection
	GlobalSection(SolutionProperties) = preSolution
		HideSolutionNode = FALSE
	EndGlobalSection
	GlobalSection(ExtensibilityGlobals) = postSolution
		SolutionGuid = {D7A8F8B6-932F-41BA-8F8A-03CCBAEF2CB7}
	EndGlobalSection
EndGlobal
